
Microsoft Visual Studio Solution File, Format Version 12.00
# Visual Studio Version 17
VisualStudioVersion = 17.7.34221.43
MinimumVisualStudioVersion = 10.0.40219.1
Project("{FAE04EC0-301F-11D3-BF4B-00C04F79EFBC}") = "SHG.ConsoleClient", "SHG.ConsoleClient\SHG.ConsoleClient.csproj", "{90EFEC39-B777-4BC9-AD10-91C19B7A573D}"
EndProject
Project("{FAE04EC0-301F-11D3-BF4B-00C04F79EFBC}") = "SHG.Infrastructure", "SHG.Infrastructure\SHG.Infrastructure.csproj", "{0A1C27DF-3096-4D0F-B3E8-F4E862AEF4F6}"
EndProject
Global
	GlobalSection(SolutionConfigurationPlatforms) = preSolution
		Debug|Any CPU = Debug|Any CPU
		Release|Any CPU = Release|Any CPU
	EndGlobalSection
	GlobalSection(ProjectConfigurationPlatforms) = postSolution
		{90EFEC39-B777-4BC9-AD10-91C19B7A573D}.Debug|Any CPU.ActiveCfg = Debug|Any CPU
		{90EFEC39-B777-4BC9-AD10-91C19B7A573D}.Debug|Any CPU.Build.0 = Debug|Any CPU
		{90EFEC39-B777-4BC9-AD10-91C19B7A573D}.Release|Any CPU.ActiveCfg = Release|Any CPU
		{90EFEC39-B777-4BC9-AD10-91C19B7A573D}.Release|Any CPU.Build.0 = Release|Any CPU
		{0A1C27DF-3096-4D0F-B3E8-F4E862AEF4F6}.Debug|Any CPU.ActiveCfg = Debug|Any CPU
		{0A1C27DF-3096-4D0F-B3E8-F4E862AEF4F6}.Debug|Any CPU.Build.0 = Debug|Any CPU
		{0A1C27DF-3096-4D0F-B3E8-F4E862AEF4F6}.Release|Any CPU.ActiveCfg = Release|Any CPU
		{0A1C27DF-3096-4D0F-B3E8-F4E862AEF4F6}.Release|Any CPU.Build.0 = Release|Any CPU
	EndGlobalSection
	GlobalSection(SolutionProperties) = preSolution
		HideSolutionNode = FALSE
	EndGlobalSection
	GlobalSection(ExtensibilityGlobals) = postSolution
		SolutionGuid = {BB350907-23E0-4E85-BC22-AA197D85F019}
	EndGlobalSection
EndGlobal
